{
    "_readme": [
        "This file locks the dependencies of your project to a known state",
        "Read more about it at https://getcomposer.org/doc/01-basic-usage.md#installing-dependencies",
        "This file is @generated automatically"
    ],
    "content-hash": "6eac7e32a9cc64a43da1898923a66cb8",
    "packages": [
        {
            "name": "dzooli/phalcon-appfactory",
            "version": "dev-master",
            "source": {
                "type": "git",
                "url": "https://github.com/dzooli/phalcon-appfactory.git",
                "reference": "271a3dd0f40154ded55a038d6b34876a17b08585"
            },
            "dist": {
                "type": "zip",
                "url": "https://api.github.com/repos/dzooli/phalcon-appfactory/zipball/271a3dd0f40154ded55a038d6b34876a17b08585",
                "reference": "271a3dd0f40154ded55a038d6b34876a17b08585",
                "shasum": ""
            },
            "require": {
                "ext-phalcon": "^4"
            },
            "default-branch": true,
            "type": "library",
            "autoload": {
                "psr-4": {
                    "Dzooli\\": "src"
                }
            },
            "license": [
                "MIT"
            ],
            "authors": [
                {
                    "name": "Zoltan Fabian",
                    "email": "zoltan.dzooli.fabian@gmail.com"
                }
            ],
            "description": "Skeleton application for Phalcon4 CLI and micro applications",
            "support": {
                "source": "https://github.com/dzooli/phalcon-appfactory/tree/master",
                "issues": "https://github.com/dzooli/phalcon-appfactory/issues"
            },
            "time": "2022-02-01T00:59:03+00:00"
        }
    ],
    "packages-dev": [
        {
            "name": "phalcon/ide-stubs",
            "version": "dev-master",
            "source": {
                "type": "git",
                "url": "https://github.com/phalcon/ide-stubs.git",
                "reference": "2ac6f093ae183b3150cfacc108e8215227595d36"
            },
            "dist": {
                "type": "zip",
                "url": "https://api.github.com/repos/phalcon/ide-stubs/zipball/2ac6f093ae183b3150cfacc108e8215227595d36",
                "reference": "2ac6f093ae183b3150cfacc108e8215227595d36",
                "shasum": ""
            },
            "require": {
                "php": ">=7.4"
            },
            "require-dev": {
                "squizlabs/php_codesniffer": "3.*",
                "vimeo/psalm": "^3.4"
            },
            "default-branch": true,
            "type": "library",
            "notification-url": "https://packagist.org/downloads/",
            "license": [
                "BSD-3-Clause"
            ],
            "authors": [
                {
                    "name": "Phalcon Team",
                    "email": "team@phalcon.io",
                    "homepage": "https://phalcon.io/en-us/team"
                },
                {
                    "name": "Contributors",
                    "homepage": "https://github.com/phalcon/ide-stubs/graphs/contributors"
                }
            ],
            "description": "The most complete Phalcon Framework IDE stubs library which enables autocompletion in modern IDEs.",
            "homepage": "https://phalcon.io",
            "keywords": [
                "Devtools",
                "Eclipse",
                "autocomplete",
                "ide",
                "netbeans",
                "phalcon",
                "phpstorm",
                "stub",
                "stubs"
            ],
            "support": {
                "forum": "https://forum.phalcon.io/",
                "issues": "https://github.com/phalcon/ide-stubs/issues",
                "source": "https://github.com/phalcon/ide-stubs"
            },
            "funding": [
                {
                    "url": "https://github.com/phalcon",
                    "type": "github"
                },
                {
                    "url": "https://opencollective.com/phalcon",
                    "type": "open_collective"
                }
            ],
            "time": "2022-01-06T15:41:52+00:00"
        }
    ],
    "aliases": [],
    "minimum-stability": "dev",
    "stability-flags": {
        "dzooli/phalcon-appfactory": 20,
        "phalcon/ide-stubs": 20
    },
    "prefer-stable": false,
    "prefer-lowest": false,
    "platform": {
        "ext-phalcon": "^4"
    },
    "platform-dev": [],
    "plugin-api-version": "2.2.0"
}
